
Microsoft Visual Studio Solution File, Format Version 12.00
# Visual Studio Version 17
VisualStudioVersion = 17.13.35806.99
MinimumVisualStudioVersion = 10.0.40219.1
Project("{FAE04EC0-301F-11D3-BF4B-00C04F79EFBC}") = "TiendaMaquillajeApp", "TiendaMaquillajeApp\TiendaMaquillajeApp.csproj", "{33D2010A-2E9F-4697-98A6-20087E9816A6}"
EndProject
Global
	GlobalSection(SolutionConfigurationPlatforms) = preSolution
		Debug|Any CPU = Debug|Any CPU
		Release|Any CPU = Release|Any CPU
	EndGlobalSection
	GlobalSection(ProjectConfigurationPlatforms) = postSolution
		{33D2010A-2E9F-4697-98A6-20087E9816A6}.Debug|Any CPU.ActiveCfg = Debug|Any CPU
		{33D2010A-2E9F-4697-98A6-20087E9816A6}.Debug|Any CPU.Build.0 = Debug|Any CPU
		{33D2010A-2E9F-4697-98A6-20087E9816A6}.Release|Any CPU.ActiveCfg = Release|Any CPU
		{33D2010A-2E9F-4697-98A6-20087E9816A6}.Release|Any CPU.Build.0 = Release|Any CPU
	EndGlobalSection
	GlobalSection(SolutionProperties) = preSolution
		HideSolutionNode = FALSE
	EndGlobalSection
	GlobalSection(ExtensibilityGlobals) = postSolution
		SolutionGuid = {B04E23F1-8FDB-4089-8AB7-869C9E3C40ED}
	EndGlobalSection
EndGlobal
